
Microsoft Visual Studio Solution File, Format Version 12.00
# Visual Studio Version 17
VisualStudioVersion = 17.0.31521.260
MinimumVisualStudioVersion = 10.0.40219.1
Project("{9A19103F-16F7-4668-BE54-9A1E7A4F7556}") = "FatCars.WebApi", "FatCars.WebApi\FatCars.WebApi.csproj", "{BED6FBD1-F57E-4652-BDC4-676041952591}"
EndProject
Project("{9A19103F-16F7-4668-BE54-9A1E7A4F7556}") = "FatCars.Domain", "FatCars.Domain\FatCars.Domain.csproj", "{B8D3F187-6667-4350-85C0-8FC01E32FEF5}"
EndProject
Project("{FAE04EC0-301F-11D3-BF4B-00C04F79EFBC}") = "FatCars.Repository", "FatCars.Repository\FatCars.Repository.csproj", "{43891DD1-8075-4F7F-BA48-D2E49BB69E3F}"
EndProject
Global
	GlobalSection(SolutionConfigurationPlatforms) = preSolution
		Debug|Any CPU = Debug|Any CPU
		Release|Any CPU = Release|Any CPU
	EndGlobalSection
	GlobalSection(ProjectConfigurationPlatforms) = postSolution
		{BED6FBD1-F57E-4652-BDC4-676041952591}.Debug|Any CPU.ActiveCfg = Debug|Any CPU
		{BED6FBD1-F57E-4652-BDC4-676041952591}.Debug|Any CPU.Build.0 = Debug|Any CPU
		{BED6FBD1-F57E-4652-BDC4-676041952591}.Release|Any CPU.ActiveCfg = Release|Any CPU
		{BED6FBD1-F57E-4652-BDC4-676041952591}.Release|Any CPU.Build.0 = Release|Any CPU
		{B8D3F187-6667-4350-85C0-8FC01E32FEF5}.Debug|Any CPU.ActiveCfg = Debug|Any CPU
		{B8D3F187-6667-4350-85C0-8FC01E32FEF5}.Debug|Any CPU.Build.0 = Debug|Any CPU
		{B8D3F187-6667-4350-85C0-8FC01E32FEF5}.Release|Any CPU.ActiveCfg = Release|Any CPU
		{B8D3F187-6667-4350-85C0-8FC01E32FEF5}.Release|Any CPU.Build.0 = Release|Any CPU
		{43891DD1-8075-4F7F-BA48-D2E49BB69E3F}.Debug|Any CPU.ActiveCfg = Debug|Any CPU
		{43891DD1-8075-4F7F-BA48-D2E49BB69E3F}.Debug|Any CPU.Build.0 = Debug|Any CPU
		{43891DD1-8075-4F7F-BA48-D2E49BB69E3F}.Release|Any CPU.ActiveCfg = Release|Any CPU
		{43891DD1-8075-4F7F-BA48-D2E49BB69E3F}.Release|Any CPU.Build.0 = Release|Any CPU
	EndGlobalSection
	GlobalSection(SolutionProperties) = preSolution
		HideSolutionNode = FALSE
	EndGlobalSection
	GlobalSection(ExtensibilityGlobals) = postSolution
		SolutionGuid = {E6D26A5A-D650-4F47-A794-2D621670D77D}
	EndGlobalSection
EndGlobal
